
Microsoft Visual Studio Solution File, Format Version 12.00
# Visual Studio Version 17
VisualStudioVersion = 17.14.36301.6
MinimumVisualStudioVersion = 10.0.40219.1
Project("{54A90642-561A-4BB1-A94E-469ADEE60C69}") = "positionmanagement.client", "positionmanagement.client\positionmanagement.client.esproj", "{D9FF4BE2-2116-8B20-9427-E16B37A1732A}"
EndProject
Project("{FAE04EC0-301F-11D3-BF4B-00C04F79EFBC}") = "PositionManagement.Server", "PositionManagement.Server\PositionManagement.Server.csproj", "{84087631-D5B6-4901-8588-1F1E79181B28}"
EndProject
Project("{00D1A9C2-B5F0-4AF3-8072-F6C62B433612}") = "PositionsManagement", "PositionsManagement\PositionsManagement.sqlproj", "{2162D071-0365-4463-A9E8-D5A5DC479F19}"
EndProject
Global
	GlobalSection(SolutionConfigurationPlatforms) = preSolution
		Debug|Any CPU = Debug|Any CPU
		Release|Any CPU = Release|Any CPU
	EndGlobalSection
	GlobalSection(ProjectConfigurationPlatforms) = postSolution
		{D9FF4BE2-2116-8B20-9427-E16B37A1732A}.Debug|Any CPU.ActiveCfg = Debug|Any CPU
		{D9FF4BE2-2116-8B20-9427-E16B37A1732A}.Debug|Any CPU.Build.0 = Debug|Any CPU
		{D9FF4BE2-2116-8B20-9427-E16B37A1732A}.Debug|Any CPU.Deploy.0 = Debug|Any CPU
		{D9FF4BE2-2116-8B20-9427-E16B37A1732A}.Release|Any CPU.ActiveCfg = Release|Any CPU
		{D9FF4BE2-2116-8B20-9427-E16B37A1732A}.Release|Any CPU.Build.0 = Release|Any CPU
		{D9FF4BE2-2116-8B20-9427-E16B37A1732A}.Release|Any CPU.Deploy.0 = Release|Any CPU
		{84087631-D5B6-4901-8588-1F1E79181B28}.Debug|Any CPU.ActiveCfg = Debug|Any CPU
		{84087631-D5B6-4901-8588-1F1E79181B28}.Debug|Any CPU.Build.0 = Debug|Any CPU
		{84087631-D5B6-4901-8588-1F1E79181B28}.Release|Any CPU.ActiveCfg = Release|Any CPU
		{84087631-D5B6-4901-8588-1F1E79181B28}.Release|Any CPU.Build.0 = Release|Any CPU
		{2162D071-0365-4463-A9E8-D5A5DC479F19}.Debug|Any CPU.ActiveCfg = Debug|Any CPU
		{2162D071-0365-4463-A9E8-D5A5DC479F19}.Debug|Any CPU.Build.0 = Debug|Any CPU
		{2162D071-0365-4463-A9E8-D5A5DC479F19}.Debug|Any CPU.Deploy.0 = Debug|Any CPU
		{2162D071-0365-4463-A9E8-D5A5DC479F19}.Release|Any CPU.ActiveCfg = Release|Any CPU
		{2162D071-0365-4463-A9E8-D5A5DC479F19}.Release|Any CPU.Build.0 = Release|Any CPU
		{2162D071-0365-4463-A9E8-D5A5DC479F19}.Release|Any CPU.Deploy.0 = Release|Any CPU
	EndGlobalSection
	GlobalSection(SolutionProperties) = preSolution
		HideSolutionNode = FALSE
	EndGlobalSection
	GlobalSection(ExtensibilityGlobals) = postSolution
		SolutionGuid = {A80334DA-E825-42AC-9AA8-DD997935AAE5}
	EndGlobalSection
EndGlobal
