Microsoft Visual Studio Solution File, Format Version 12.00
# Visual Studio Version 17
VisualStudioVersion = 17.5.2.0
MinimumVisualStudioVersion = 10.0.40219.1
Project("{FAE04EC0-301F-11D3-BF4B-00C04F79EFBC}") = "PositionManagement.Server", "PositionManagement.Server.csproj", "{7C2AB32E-FF36-6925-501E-B50A2669C848}"
EndProject
Global
	GlobalSection(SolutionConfigurationPlatforms) = preSolution
		Debug|Any CPU = Debug|Any CPU
		Release|Any CPU = Release|Any CPU
	EndGlobalSection
	GlobalSection(ProjectConfigurationPlatforms) = postSolution
		{7C2AB32E-FF36-6925-501E-B50A2669C848}.Debug|Any CPU.ActiveCfg = Debug|Any CPU
		{7C2AB32E-FF36-6925-501E-B50A2669C848}.Debug|Any CPU.Build.0 = Debug|Any CPU
		{7C2AB32E-FF36-6925-501E-B50A2669C848}.Release|Any CPU.ActiveCfg = Release|Any CPU
		{7C2AB32E-FF36-6925-501E-B50A2669C848}.Release|Any CPU.Build.0 = Release|Any CPU
	EndGlobalSection
	GlobalSection(SolutionProperties) = preSolution
		HideSolutionNode = FALSE
	EndGlobalSection
	GlobalSection(ExtensibilityGlobals) = postSolution
		SolutionGuid = {109355FE-3C62-4479-9923-1323311DCC7D}
	EndGlobalSection
EndGlobal
